
Microsoft Visual Studio Solution File, Format Version 12.00
# Visual Studio 15
VisualStudioVersion = 15.0.28307.329
MinimumVisualStudioVersion = 10.0.40219.1
Project("{FAE04EC0-301F-11D3-BF4B-00C04F79EFBC}") = "Rngers", "Rngers\Rngers.csproj", "{0186F9CD-68C3-494F-B908-D060C8DE9A70}"
EndProject
Global
	GlobalSection(SolutionConfigurationPlatforms) = preSolution
		Debug|Any CPU = Debug|Any CPU
		Release|Any CPU = Release|Any CPU
	EndGlobalSection
	GlobalSection(ProjectConfigurationPlatforms) = postSolution
		{0186F9CD-68C3-494F-B908-D060C8DE9A70}.Debug|Any CPU.ActiveCfg = Debug|Any CPU
		{0186F9CD-68C3-494F-B908-D060C8DE9A70}.Debug|Any CPU.Build.0 = Debug|Any CPU
		{0186F9CD-68C3-494F-B908-D060C8DE9A70}.Release|Any CPU.ActiveCfg = Release|Any CPU
		{0186F9CD-68C3-494F-B908-D060C8DE9A70}.Release|Any CPU.Build.0 = Release|Any CPU
	EndGlobalSection
	GlobalSection(SolutionProperties) = preSolution
		HideSolutionNode = FALSE
	EndGlobalSection
	GlobalSection(ExtensibilityGlobals) = postSolution
		SolutionGuid = {EF500440-8D64-4561-98FB-61855EA183FD}
	EndGlobalSection
EndGlobal
